
Microsoft Visual Studio Solution File, Format Version 12.00
# Visual Studio Version 16
VisualStudioVersion = 16.0.30611.23
MinimumVisualStudioVersion = 10.0.40219.1
Project("{8BC9CEB8-8B4A-11D0-8D11-00A0C91BC942}") = "Lista0", "Lista0\Lista0.vcxproj", "{4A71D4D7-C900-4F36-8F69-DEFF906904FB}"
EndProject
Project("{8BC9CEB8-8B4A-11D0-8D11-00A0C91BC942}") = "Lista01", "Lista1\Lista1.vcxproj", "{584213AB-A2D8-439E-9063-AD215871FEA9}"
EndProject
Project("{8BC9CEB8-8B4A-11D0-8D11-00A0C91BC942}") = "Zad05", "Zad5\Zad5.vcxproj", "{B206FFAA-44D6-43F1-B8B5-FA38644BFAF7}"
EndProject
Project("{8BC9CEB8-8B4A-11D0-8D11-00A0C91BC942}") = "Zad06", "Zad6\Zad6.vcxproj", "{C6799531-942A-40B2-AFE5-38CCECEC5189}"
EndProject
Project("{8BC9CEB8-8B4A-11D0-8D11-00A0C91BC942}") = "Zad07", "Zad7\Zad7.vcxproj", "{6AD49368-4911-4EA7-89C9-EC5A93914A0A}"
EndProject
Project("{8BC9CEB8-8B4A-11D0-8D11-00A0C91BC942}") = "Zad08", "Zad8\Zad8.vcxproj", "{E8CC14DB-7CBA-4B9F-B52E-4CFD2E4A35A6}"
EndProject
Project("{8BC9CEB8-8B4A-11D0-8D11-00A0C91BC942}") = "Zad09", "Zad9\Zad9.vcxproj", "{CC31C516-C20C-4955-B146-F69244F2F4FE}"
EndProject
Project("{8BC9CEB8-8B4A-11D0-8D11-00A0C91BC942}") = "Zad10", "Zad10\Zad10.vcxproj", "{9509F63C-19BE-499B-AC9B-AD15FC1C2A89}"
EndProject
Project("{8BC9CEB8-8B4A-11D0-8D11-00A0C91BC942}") = "Zad11", "Zad11\Zad11.vcxproj", "{11D19768-C6E0-4303-954A-3B9B6823BFE0}"
EndProject
Project("{8BC9CEB8-8B4A-11D0-8D11-00A0C91BC942}") = "Zad12", "Zad12\Zad12.vcxproj", "{1B154623-9A5C-42FB-B31D-3D5E6DF7777B}"
EndProject
Project("{8BC9CEB8-8B4A-11D0-8D11-00A0C91BC942}") = "zad13", "zad13\zad13.vcxproj", "{30D7D60C-C2CF-467F-93E1-87FC1C60CE27}"
EndProject
Global
	GlobalSection(SolutionConfigurationPlatforms) = preSolution
		Debug|x64 = Debug|x64
		Debug|x86 = Debug|x86
		Release|x64 = Release|x64
		Release|x86 = Release|x86
	EndGlobalSection
	GlobalSection(ProjectConfigurationPlatforms) = postSolution
		{4A71D4D7-C900-4F36-8F69-DEFF906904FB}.Debug|x64.ActiveCfg = Debug|x64
		{4A71D4D7-C900-4F36-8F69-DEFF906904FB}.Debug|x64.Build.0 = Debug|x64
		{4A71D4D7-C900-4F36-8F69-DEFF906904FB}.Debug|x86.ActiveCfg = Debug|Win32
		{4A71D4D7-C900-4F36-8F69-DEFF906904FB}.Debug|x86.Build.0 = Debug|Win32
		{4A71D4D7-C900-4F36-8F69-DEFF906904FB}.Release|x64.ActiveCfg = Release|x64
		{4A71D4D7-C900-4F36-8F69-DEFF906904FB}.Release|x64.Build.0 = Release|x64
		{4A71D4D7-C900-4F36-8F69-DEFF906904FB}.Release|x86.ActiveCfg = Release|Win32
		{4A71D4D7-C900-4F36-8F69-DEFF906904FB}.Release|x86.Build.0 = Release|Win32
		{584213AB-A2D8-439E-9063-AD215871FEA9}.Debug|x64.ActiveCfg = Debug|x64
		{584213AB-A2D8-439E-9063-AD215871FEA9}.Debug|x64.Build.0 = Debug|x64
		{584213AB-A2D8-439E-9063-AD215871FEA9}.Debug|x86.ActiveCfg = Debug|Win32
		{584213AB-A2D8-439E-9063-AD215871FEA9}.Debug|x86.Build.0 = Debug|Win32
		{584213AB-A2D8-439E-9063-AD215871FEA9}.Release|x64.ActiveCfg = Release|x64
		{584213AB-A2D8-439E-9063-AD215871FEA9}.Release|x64.Build.0 = Release|x64
		{584213AB-A2D8-439E-9063-AD215871FEA9}.Release|x86.ActiveCfg = Release|Win32
		{584213AB-A2D8-439E-9063-AD215871FEA9}.Release|x86.Build.0 = Release|Win32
		{B206FFAA-44D6-43F1-B8B5-FA38644BFAF7}.Debug|x64.ActiveCfg = Debug|x64
		{B206FFAA-44D6-43F1-B8B5-FA38644BFAF7}.Debug|x64.Build.0 = Debug|x64
		{B206FFAA-44D6-43F1-B8B5-FA38644BFAF7}.Debug|x86.ActiveCfg = Debug|Win32
		{B206FFAA-44D6-43F1-B8B5-FA38644BFAF7}.Debug|x86.Build.0 = Debug|Win32
		{B206FFAA-44D6-43F1-B8B5-FA38644BFAF7}.Release|x64.ActiveCfg = Release|x64
		{B206FFAA-44D6-43F1-B8B5-FA38644BFAF7}.Release|x64.Build.0 = Release|x64
		{B206FFAA-44D6-43F1-B8B5-FA38644BFAF7}.Release|x86.ActiveCfg = Release|Win32
		{B206FFAA-44D6-43F1-B8B5-FA38644BFAF7}.Release|x86.Build.0 = Release|Win32
		{C6799531-942A-40B2-AFE5-38CCECEC5189}.Debug|x64.ActiveCfg = Debug|x64
		{C6799531-942A-40B2-AFE5-38CCECEC5189}.Debug|x64.Build.0 = Debug|x64
		{C6799531-942A-40B2-AFE5-38CCECEC5189}.Debug|x86.ActiveCfg = Debug|Win32
		{C6799531-942A-40B2-AFE5-38CCECEC5189}.Debug|x86.Build.0 = Debug|Win32
		{C6799531-942A-40B2-AFE5-38CCECEC5189}.Release|x64.ActiveCfg = Release|x64
		{C6799531-942A-40B2-AFE5-38CCECEC5189}.Release|x64.Build.0 = Release|x64
		{C6799531-942A-40B2-AFE5-38CCECEC5189}.Release|x86.ActiveCfg = Release|Win32
		{C6799531-942A-40B2-AFE5-38CCECEC5189}.Release|x86.Build.0 = Release|Win32
		{6AD49368-4911-4EA7-89C9-EC5A93914A0A}.Debug|x64.ActiveCfg = Debug|x64
		{6AD49368-4911-4EA7-89C9-EC5A93914A0A}.Debug|x64.Build.0 = Debug|x64
		{6AD49368-4911-4EA7-89C9-EC5A93914A0A}.Debug|x86.ActiveCfg = Debug|Win32
		{6AD49368-4911-4EA7-89C9-EC5A93914A0A}.Debug|x86.Build.0 = Debug|Win32
		{6AD49368-4911-4EA7-89C9-EC5A93914A0A}.Release|x64.ActiveCfg = Release|x64
		{6AD49368-4911-4EA7-89C9-EC5A93914A0A}.Release|x64.Build.0 = Release|x64
		{6AD49368-4911-4EA7-89C9-EC5A93914A0A}.Release|x86.ActiveCfg = Release|Win32
		{6AD49368-4911-4EA7-89C9-EC5A93914A0A}.Release|x86.Build.0 = Release|Win32
		{E8CC14DB-7CBA-4B9F-B52E-4CFD2E4A35A6}.Debug|x64.ActiveCfg = Debug|x64
		{E8CC14DB-7CBA-4B9F-B52E-4CFD2E4A35A6}.Debug|x64.Build.0 = Debug|x64
		{E8CC14DB-7CBA-4B9F-B52E-4CFD2E4A35A6}.Debug|x86.ActiveCfg = Debug|Win32
		{E8CC14DB-7CBA-4B9F-B52E-4CFD2E4A35A6}.Debug|x86.Build.0 = Debug|Win32
		{E8CC14DB-7CBA-4B9F-B52E-4CFD2E4A35A6}.Release|x64.ActiveCfg = Release|x64
		{E8CC14DB-7CBA-4B9F-B52E-4CFD2E4A35A6}.Release|x64.Build.0 = Release|x64
		{E8CC14DB-7CBA-4B9F-B52E-4CFD2E4A35A6}.Release|x86.ActiveCfg = Release|Win32
		{E8CC14DB-7CBA-4B9F-B52E-4CFD2E4A35A6}.Release|x86.Build.0 = Release|Win32
		{CC31C516-C20C-4955-B146-F69244F2F4FE}.Debug|x64.ActiveCfg = Debug|x64
		{CC31C516-C20C-4955-B146-F69244F2F4FE}.Debug|x64.Build.0 = Debug|x64
		{CC31C516-C20C-4955-B146-F69244F2F4FE}.Debug|x86.ActiveCfg = Debug|Win32
		{CC31C516-C20C-4955-B146-F69244F2F4FE}.Debug|x86.Build.0 = Debug|Win32
		{CC31C516-C20C-4955-B146-F69244F2F4FE}.Release|x64.ActiveCfg = Release|x64
		{CC31C516-C20C-4955-B146-F69244F2F4FE}.Release|x64.Build.0 = Release|x64
		{CC31C516-C20C-4955-B146-F69244F2F4FE}.Release|x86.ActiveCfg = Release|Win32
		{CC31C516-C20C-4955-B146-F69244F2F4FE}.Release|x86.Build.0 = Release|Win32
		{9509F63C-19BE-499B-AC9B-AD15FC1C2A89}.Debug|x64.ActiveCfg = Debug|x64
		{9509F63C-19BE-499B-AC9B-AD15FC1C2A89}.Debug|x64.Build.0 = Debug|x64
		{9509F63C-19BE-499B-AC9B-AD15FC1C2A89}.Debug|x86.ActiveCfg = Debug|Win32
		{9509F63C-19BE-499B-AC9B-AD15FC1C2A89}.Debug|x86.Build.0 = Debug|Win32
		{9509F63C-19BE-499B-AC9B-AD15FC1C2A89}.Release|x64.ActiveCfg = Release|x64
		{9509F63C-19BE-499B-AC9B-AD15FC1C2A89}.Release|x64.Build.0 = Release|x64
		{9509F63C-19BE-499B-AC9B-AD15FC1C2A89}.Release|x86.ActiveCfg = Release|Win32
		{9509F63C-19BE-499B-AC9B-AD15FC1C2A89}.Release|x86.Build.0 = Release|Win32
		{11D19768-C6E0-4303-954A-3B9B6823BFE0}.Debug|x64.ActiveCfg = Debug|x64
		{11D19768-C6E0-4303-954A-3B9B6823BFE0}.Debug|x64.Build.0 = Debug|x64
		{11D19768-C6E0-4303-954A-3B9B6823BFE0}.Debug|x86.ActiveCfg = Debug|Win32
		{11D19768-C6E0-4303-954A-3B9B6823BFE0}.Debug|x86.Build.0 = Debug|Win32
		{11D19768-C6E0-4303-954A-3B9B6823BFE0}.Release|x64.ActiveCfg = Release|x64
		{11D19768-C6E0-4303-954A-3B9B6823BFE0}.Release|x64.Build.0 = Release|x64
		{11D19768-C6E0-4303-954A-3B9B6823BFE0}.Release|x86.ActiveCfg = Release|Win32
		{11D19768-C6E0-4303-954A-3B9B6823BFE0}.Release|x86.Build.0 = Release|Win32
		{1B154623-9A5C-42FB-B31D-3D5E6DF7777B}.Debug|x64.ActiveCfg = Debug|x64
		{1B154623-9A5C-42FB-B31D-3D5E6DF7777B}.Debug|x64.Build.0 = Debug|x64
		{1B154623-9A5C-42FB-B31D-3D5E6DF7777B}.Debug|x86.ActiveCfg = Debug|Win32
		{1B154623-9A5C-42FB-B31D-3D5E6DF7777B}.Debug|x86.Build.0 = Debug|Win32
		{1B154623-9A5C-42FB-B31D-3D5E6DF7777B}.Release|x64.ActiveCfg = Release|x64
		{1B154623-9A5C-42FB-B31D-3D5E6DF7777B}.Release|x64.Build.0 = Release|x64
		{1B154623-9A5C-42FB-B31D-3D5E6DF7777B}.Release|x86.ActiveCfg = Release|Win32
		{1B154623-9A5C-42FB-B31D-3D5E6DF7777B}.Release|x86.Build.0 = Release|Win32
		{30D7D60C-C2CF-467F-93E1-87FC1C60CE27}.Debug|x64.ActiveCfg = Debug|x64
		{30D7D60C-C2CF-467F-93E1-87FC1C60CE27}.Debug|x64.Build.0 = Debug|x64
		{30D7D60C-C2CF-467F-93E1-87FC1C60CE27}.Debug|x86.ActiveCfg = Debug|Win32
		{30D7D60C-C2CF-467F-93E1-87FC1C60CE27}.Debug|x86.Build.0 = Debug|Win32
		{30D7D60C-C2CF-467F-93E1-87FC1C60CE27}.Release|x64.ActiveCfg = Release|x64
		{30D7D60C-C2CF-467F-93E1-87FC1C60CE27}.Release|x64.Build.0 = Release|x64
		{30D7D60C-C2CF-467F-93E1-87FC1C60CE27}.Release|x86.ActiveCfg = Release|Win32
		{30D7D60C-C2CF-467F-93E1-87FC1C60CE27}.Release|x86.Build.0 = Release|Win32
	EndGlobalSection
	GlobalSection(SolutionProperties) = preSolution
		HideSolutionNode = FALSE
	EndGlobalSection
	GlobalSection(ExtensibilityGlobals) = postSolution
		SolutionGuid = {A2D72895-B7B8-4E77-BC7D-003932924C97}
	EndGlobalSection
EndGlobal
